
Microsoft Visual Studio Solution File, Format Version 12.00
# Visual Studio 14
VisualStudioVersion = 14.0.24720.0
MinimumVisualStudioVersion = 10.0.40219.1
Project("{FAE04EC0-301F-11D3-BF4B-00C04F79EFBC}") = "Testsolution.Logic", "Testsolution.Logic\Testsolution.Logic.csproj", "{ABF2A001-21A4-42CC-9DDD-3CE287448783}"
EndProject
Project("{FAE04EC0-301F-11D3-BF4B-00C04F79EFBC}") = "Testsolution.Data", "Testsolution.Data\Testsolution.Data.csproj", "{5689CFC5-4CB8-4B57-852B-0558077ABBD4}"
EndProject
Project("{FAE04EC0-301F-11D3-BF4B-00C04F79EFBC}") = "Testsolution.Web", "Testsolution.Web\Testsolution.Web.csproj", "{8B98502C-08C8-4B97-8382-8DCC411F86A0}"
EndProject
Global
	GlobalSection(SolutionConfigurationPlatforms) = preSolution
		Debug|Any CPU = Debug|Any CPU
		Release|Any CPU = Release|Any CPU
	EndGlobalSection
	GlobalSection(ProjectConfigurationPlatforms) = postSolution
		{ABF2A001-21A4-42CC-9DDD-3CE287448783}.Debug|Any CPU.ActiveCfg = Debug|Any CPU
		{ABF2A001-21A4-42CC-9DDD-3CE287448783}.Debug|Any CPU.Build.0 = Debug|Any CPU
		{ABF2A001-21A4-42CC-9DDD-3CE287448783}.Release|Any CPU.ActiveCfg = Release|Any CPU
		{ABF2A001-21A4-42CC-9DDD-3CE287448783}.Release|Any CPU.Build.0 = Release|Any CPU
		{5689CFC5-4CB8-4B57-852B-0558077ABBD4}.Debug|Any CPU.ActiveCfg = Debug|Any CPU
		{5689CFC5-4CB8-4B57-852B-0558077ABBD4}.Debug|Any CPU.Build.0 = Debug|Any CPU
		{5689CFC5-4CB8-4B57-852B-0558077ABBD4}.Release|Any CPU.ActiveCfg = Release|Any CPU
		{5689CFC5-4CB8-4B57-852B-0558077ABBD4}.Release|Any CPU.Build.0 = Release|Any CPU
		{8B98502C-08C8-4B97-8382-8DCC411F86A0}.Debug|Any CPU.ActiveCfg = Debug|Any CPU
		{8B98502C-08C8-4B97-8382-8DCC411F86A0}.Debug|Any CPU.Build.0 = Debug|Any CPU
		{8B98502C-08C8-4B97-8382-8DCC411F86A0}.Release|Any CPU.ActiveCfg = Release|Any CPU
		{8B98502C-08C8-4B97-8382-8DCC411F86A0}.Release|Any CPU.Build.0 = Release|Any CPU
	EndGlobalSection
	GlobalSection(SolutionProperties) = preSolution
		HideSolutionNode = FALSE
	EndGlobalSection
EndGlobal
